// !$*UTF8*$!
{
	archiveVersion = 1;
	classes = {
	};
	objectVersion = 56;
	objects = {

/* Begin PBXBuildFile section */
		EA22B417294027220034E2FA /* iOS_SpineboyApp.swift in Sources */ = {isa = PBXBuildFile; fileRef = EA22B416294027220034E2FA /* iOS_SpineboyApp.swift */; };
		EA22B419294027220034E2FA /* ContentView.swift in Sources */ = {isa = PBXBuildFile; fileRef = EA22B418294027220034E2FA /* ContentView.swift */; };
		EA22B41B294027230034E2FA /* Assets.xcassets in Resources */ = {isa = PBXBuildFile; fileRef = EA22B41A294027230034E2FA /* Assets.xcassets */; };
		EA22B41E294027230034E2FA /* Preview Assets.xcassets in Resources */ = {isa = PBXBuildFile; fileRef = EA22B41D294027230034E2FA /* Preview Assets.xcassets */; };
		EA22B428294027230034E2FA /* iOS_SpineboyTests.swift in Sources */ = {isa = PBXBuildFile; fileRef = EA22B427294027230034E2FA /* iOS_SpineboyTests.swift */; };
		EA22B432294027230034E2FA /* iOS_SpineboyUITests.swift in Sources */ = {isa = PBXBuildFile; fileRef = EA22B431294027230034E2FA /* iOS_SpineboyUITests.swift */; };
		EA22B434294027230034E2FA /* iOS_SpineboyUITestsLaunchTests.swift in Sources */ = {isa = PBXBuildFile; fileRef = EA22B433294027230034E2FA /* iOS_SpineboyUITestsLaunchTests.swift */; };
/* End PBXBuildFile section */

/* Begin PBXContainerItemProxy section */
		EA22B424294027230034E2FA /* PBXContainerItemProxy */ = {
			isa = PBXContainerItemProxy;
			containerPortal = EA22B40B294027220034E2FA /* Project object */;
			proxyType = 1;
			remoteGlobalIDString = EA22B412294027220034E2FA;
			remoteInfo = "iOS-Spineboy";
		};
		EA22B42E294027230034E2FA /* PBXContainerItemProxy */ = {
			isa = PBXContainerItemProxy;
			containerPortal = EA22B40B294027220034E2FA /* Project object */;
			proxyType = 1;
			remoteGlobalIDString = EA22B412294027220034E2FA;
			remoteInfo = "iOS-Spineboy";
		};
/* End PBXContainerItemProxy section */

/* Begin PBXFileReference section */
		EA22B413294027220034E2FA /* iOS-Spineboy.app */ = {isa = PBXFileReference; explicitFileType = wrapper.application; includeInIndex = 0; path = "iOS-Spineboy.app"; sourceTree = BUILT_PRODUCTS_DIR; };
		EA22B416294027220034E2FA /* iOS_SpineboyApp.swift */ = {isa = PBXFileReference; lastKnownFileType = sourcecode.swift; path = iOS_SpineboyApp.swift; sourceTree = "<group>"; };
		EA22B418294027220034E2FA /* ContentView.swift */ = {isa = PBXFileReference; lastKnownFileType = sourcecode.swift; path = ContentView.swift; sourceTree = "<group>"; };
		EA22B41A294027230034E2FA /* Assets.xcassets */ = {isa = PBXFileReference; lastKnownFileType = folder.assetcatalog; path = Assets.xcassets; sourceTree = "<group>"; };
		EA22B41D294027230034E2FA /* Preview Assets.xcassets */ = {isa = PBXFileReference; lastKnownFileType = folder.assetcatalog; path = "Preview Assets.xcassets"; sourceTree = "<group>"; };
		EA22B423294027230034E2FA /* iOS-SpineboyTests.xctest */ = {isa = PBXFileReference; explicitFileType = wrapper.cfbundle; includeInIndex = 0; path = "iOS-SpineboyTests.xctest"; sourceTree = BUILT_PRODUCTS_DIR; };
		EA22B427294027230034E2FA /* iOS_SpineboyTests.swift */ = {isa = PBXFileReference; lastKnownFileType = sourcecode.swift; path = iOS_SpineboyTests.swift; sourceTree = "<group>"; };
		EA22B42D294027230034E2FA /* iOS-SpineboyUITests.xctest */ = {isa = PBXFileReference; explicitFileType = wrapper.cfbundle; includeInIndex = 0; path = "iOS-SpineboyUITests.xctest"; sourceTree = BUILT_PRODUCTS_DIR; };
		EA22B431294027230034E2FA /* iOS_SpineboyUITests.swift */ = {isa = PBXFileReference; lastKnownFileType = sourcecode.swift; path = iOS_SpineboyUITests.swift; sourceTree = "<group>"; };
		EA22B433294027230034E2FA /* iOS_SpineboyUITestsLaunchTests.swift */ = {isa = PBXFileReference; lastKnownFileType = sourcecode.swift; path = iOS_SpineboyUITestsLaunchTests.swift; sourceTree = "<group>"; };
/* End PBXFileReference section */

/* Begin PBXFrameworksBuildPhase section */
		EA22B410294027220034E2FA /* Frameworks */ = {
			isa = PBXFrameworksBuildPhase;
			buildActionMask = 2147483647;
			files = (
			);
			runOnlyForDeploymentPostprocessing = 0;
		};
		EA22B420294027230034E2FA /* Frameworks */ = {
			isa = PBXFrameworksBuildPhase;
			buildActionMask = 2147483647;
			files = (
			);
			runOnlyForDeploymentPostprocessing = 0;
		};
		EA22B42A294027230034E2FA /* Frameworks */ = {
			isa = PBXFrameworksBuildPhase;
			buildActionMask = 2147483647;
			files = (
			);
			runOnlyForDeploymentPostprocessing = 0;
		};
/* End PBXFrameworksBuildPhase section */

/* Begin PBXGroup section */
		EA22B40A294027220034E2FA = {
			isa = PBXGroup;
			children = (
				EA22B415294027220034E2FA /* iOS-Spineboy */,
				EA22B426294027230034E2FA /* iOS-SpineboyTests */,
				EA22B430294027230034E2FA /* iOS-SpineboyUITests */,
				EA22B414294027220034E2FA /* Products */,
			);
			sourceTree = "<group>";
		};
		EA22B414294027220034E2FA /* Products */ = {
			isa = PBXGroup;
			children = (
				EA22B413294027220034E2FA /* iOS-Spineboy.app */,
				EA22B423294027230034E2FA /* iOS-SpineboyTests.xctest */,
				EA22B42D294027230034E2FA /* iOS-SpineboyUITests.xctest */,
			);
			name = Products;
			sourceTree = "<group>";
		};
		EA22B415294027220034E2FA /* iOS-Spineboy */ = {
			isa = PBXGroup;
			children = (
				EA22B416294027220034E2FA /* iOS_SpineboyApp.swift */,
				EA22B418294027220034E2FA /* ContentView.swift */,
				EA22B41A294027230034E2FA /* Assets.xcassets */,
				EA22B41C294027230034E2FA /* Preview Content */,
			);
			path = "iOS-Spineboy";
			sourceTree = "<group>";
		};
		EA22B41C294027230034E2FA /* Preview Content */ = {
			isa = PBXGroup;
			children = (
				EA22B41D294027230034E2FA /* Preview Assets.xcassets */,
			);
			path = "Preview Content";
			sourceTree = "<group>";
		};
		EA22B426294027230034E2FA /* iOS-SpineboyTests */ = {
			isa = PBXGroup;
			children = (
				EA22B427294027230034E2FA /* iOS_SpineboyTests.swift */,
			);
			path = "iOS-SpineboyTests";
			sourceTree = "<group>";
		};
		EA22B430294027230034E2FA /* iOS-SpineboyUITests */ = {
			isa = PBXGroup;
			children = (
				EA22B431294027230034E2FA /* iOS_SpineboyUITests.swift */,
				EA22B433294027230034E2FA /* iOS_SpineboyUITestsLaunchTests.swift */,
			);
			path = "iOS-SpineboyUITests";
			sourceTree = "<group>";
		};
/* End PBXGroup section */

/* Begin PBXNativeTarget section */
		EA22B412294027220034E2FA /* iOS-Spineboy */ = {
			isa = PBXNativeTarget;
			buildConfigurationList = EA22B437294027230034E2FA /* Build configuration list for PBXNativeTarget "iOS-Spineboy" */;
			buildPhases = (
				EA22B40F294027220034E2FA /* Sources */,
				EA22B410294027220034E2FA /* Frameworks */,
				EA22B411294027220034E2FA /* Resources */,
			);
			buildRules = (
			);
			dependencies = (
			);
			name = "iOS-Spineboy";
			productName = "iOS-Spineboy";
			productReference = EA22B413294027220034E2FA /* iOS-Spineboy.app */;
			productType = "com.apple.product-type.application";
		};
		EA22B422294027230034E2FA /* iOS-SpineboyTests */ = {
			isa = PBXNativeTarget;
			buildConfigurationList = EA22B43A294027230034E2FA /* Build configuration list for PBXNativeTarget "iOS-SpineboyTests" */;
			buildPhases = (
				EA22B41F294027230034E2FA /* Sources */,
				EA22B420294027230034E2FA /* Frameworks */,
				EA22B421294027230034E2FA /* Resources */,
			);
			buildRules = (
			);
			dependencies = (
				EA22B425294027230034E2FA /* PBXTargetDependency */,
			);
			name = "iOS-SpineboyTests";
			productName = "iOS-SpineboyTests";
			productReference = EA22B423294027230034E2FA /* iOS-SpineboyTests.xctest */;
			productType = "com.apple.product-type.bundle.unit-test";
		};
		EA22B42C294027230034E2FA /* iOS-SpineboyUITests */ = {
			isa = PBXNativeTarget;
			buildConfigurationList = EA22B43D294027230034E2FA /* Build configuration list for PBXNativeTarget "iOS-SpineboyUITests" */;
			buildPhases = (
				EA22B429294027230034E2FA /* Sources */,
				EA22B42A294027230034E2FA /* Frameworks */,
				EA22B42B294027230034E2FA /* Resources */,
			);
			buildRules = (
			);
			dependencies = (
				EA22B42F294027230034E2FA /* PBXTargetDependency */,
			);
			name = "iOS-SpineboyUITests";
			productName = "iOS-SpineboyUITests";
			productReference = EA22B42D294027230034E2FA /* iOS-SpineboyUITests.xctest */;
			productType = "com.apple.product-type.bundle.ui-testing";
		};
/* End PBXNativeTarget section */

/* Begin PBXProject section */
		EA22B40B294027220034E2FA /* Project object */ = {
			isa = PBXProject;
			attributes = {
				BuildIndependentTargetsInParallel = 1;
				LastSwiftUpdateCheck = 1410;
				LastUpgradeCheck = 1410;
				TargetAttributes = {
					EA22B412294027220034E2FA = {
						CreatedOnToolsVersion = 14.1;
					};
					EA22B422294027230034E2FA = {
						CreatedOnToolsVersion = 14.1;
						TestTargetID = EA22B412294027220034E2FA;
					};
					EA22B42C294027230034E2FA = {
						CreatedOnToolsVersion = 14.1;
						TestTargetID = EA22B412294027220034E2FA;
					};
				};
			};
			buildConfigurationList = EA22B40E294027220034E2FA /* Build configuration list for PBXProject "iOS-Spineboy" */;
			compatibilityVersion = "Xcode 14.0";
			developmentRegion = en;
			hasScannedForEncodings = 0;
			knownRegions = (
				en,
				Base,
			);
			mainGroup = EA22B40A294027220034E2FA;
			productRefGroup = EA22B414294027220034E2FA /* Products */;
			projectDirPath = "";
			projectRoot = "";
			targets = (
				EA22B412294027220034E2FA /* iOS-Spineboy */,
				EA22B422294027230034E2FA /* iOS-SpineboyTests */,
				EA22B42C294027230034E2FA /* iOS-SpineboyUITests */,
			);
		};
/* End PBXProject section */

/* Begin PBXResourcesBuildPhase section */
		EA22B411294027220034E2FA /* Resources */ = {
			isa = PBXResourcesBuildPhase;
			buildActionMask = 2147483647;
			files = (
				EA22B41E294027230034E2FA /* Preview Assets.xcassets in Resources */,
				EA22B41B294027230034E2FA /* Assets.xcassets in Resources */,
			);
			runOnlyForDeploymentPostprocessing = 0;
		};
		EA22B421294027230034E2FA /* Resources */ = {
			isa = PBXResourcesBuildPhase;
			buildActionMask = 2147483647;
			files = (
			);
			runOnlyForDeploymentPostprocessing = 0;
		};
		EA22B42B294027230034E2FA /* Resources */ = {
			isa = PBXResourcesBuildPhase;
			buildActionMask = 2147483647;
			files = (
			);
			runOnlyForDeploymentPostprocessing = 0;
		};
/* End PBXResourcesBuildPhase section */

/* Begin PBXSourcesBuildPhase section */
		EA22B40F294027220034E2FA /* Sources */ = {
			isa = PBXSourcesBuildPhase;
			buildActionMask = 2147483647;
			files = (
				EA22B419294027220034E2FA /* ContentView.swift in Sources */,
				EA22B417294027220034E2FA /* iOS_SpineboyApp.swift in Sources */,
			);
			runOnlyForDeploymentPostprocessing = 0;
		};
		EA22B41F294027230034E2FA /* Sources */ = {
			isa = PBXSourcesBuildPhase;
			buildActionMask = 2147483647;
			files = (
				EA22B428294027230034E2FA /* iOS_SpineboyTests.swift in Sources */,
			);
			runOnlyForDeploymentPostprocessing = 0;
		};
		EA22B429294027230034E2FA /* Sources */ = {
			isa = PBXSourcesBuildPhase;
			buildActionMask = 2147483647;
			files = (
				EA22B432294027230034E2FA /* iOS_SpineboyUITests.swift in Sources */,
				EA22B434294027230034E2FA /* iOS_SpineboyUITestsLaunchTests.swift in Sources */,
			);
			runOnlyForDeploymentPostprocessing = 0;
		};
/* End PBXSourcesBuildPhase section */

/* Begin PBXTargetDependency section */
		EA22B425294027230034E2FA /* PBXTargetDependency */ = {
			isa = PBXTargetDependency;
			target = EA22B412294027220034E2FA /* iOS-Spineboy */;
			targetProxy = EA22B424294027230034E2FA /* PBXContainerItemProxy */;
		};
		EA22B42F294027230034E2FA /* PBXTargetDependency */ = {
			isa = PBXTargetDependency;
			target = EA22B412294027220034E2FA /* iOS-Spineboy */;
			targetProxy = EA22B42E294027230034E2FA /* PBXContainerItemProxy */;
		};
/* End PBXTargetDependency section */

/* Begin XCBuildConfiguration section */
		EA22B435294027230034E2FA /* Debug */ = {
			isa = XCBuildConfiguration;
			buildSettings = {
				ALWAYS_SEARCH_USER_PATHS = NO;
				CLANG_ANALYZER_NONNULL = YES;
				CLANG_ANALYZER_NUMBER_OBJECT_CONVERSION = YES_AGGRESSIVE;
				CLANG_CXX_LANGUAGE_STANDARD = "gnu++20";
				CLANG_ENABLE_MODULES = YES;
				CLANG_ENABLE_OBJC_ARC = YES;
				CLANG_ENABLE_OBJC_WEAK = YES;
				CLANG_WARN_BLOCK_CAPTURE_AUTORELEASING = YES;
				CLANG_WARN_BOOL_CONVERSION = YES;
				CLANG_WARN_COMMA = YES;
				CLANG_WARN_CONSTANT_CONVERSION = YES;
				CLANG_WARN_DEPRECATED_OBJC_IMPLEMENTATIONS = YES;
				CLANG_WARN_DIRECT_OBJC_ISA_USAGE = YES_ERROR;
				CLANG_WARN_DOCUMENTATION_COMMENTS = YES;
				CLANG_WARN_EMPTY_BODY = YES;
				CLANG_WARN_ENUM_CONVERSION = YES;
				CLANG_WARN_INFINITE_RECURSION = YES;
				CLANG_WARN_INT_CONVERSION = YES;
				CLANG_WARN_NON_LITERAL_NULL_CONVERSION = YES;
				CLANG_WARN_OBJC_IMPLICIT_RETAIN_SELF = YES;
				CLANG_WARN_OBJC_LITERAL_CONVERSION = YES;
				CLANG_WARN_OBJC_ROOT_CLASS = YES_ERROR;
				CLANG_WARN_QUOTED_INCLUDE_IN_FRAMEWORK_HEADER = YES;
				CLANG_WARN_RANGE_LOOP_ANALYSIS = YES;
				CLANG_WARN_STRICT_PROTOTYPES = YES;
				CLANG_WARN_SUSPICIOUS_MOVE = YES;
				CLANG_WARN_UNGUARDED_AVAILABILITY = YES_AGGRESSIVE;
				CLANG_WARN_UNREACHABLE_CODE = YES;
				CLANG_WARN__DUPLICATE_METHOD_MATCH = YES;
				COPY_PHASE_STRIP = NO;
				DEBUG_INFORMATION_FORMAT = dwarf;
				ENABLE_STRICT_OBJC_MSGSEND = YES;
				ENABLE_TESTABILITY = YES;
				GCC_C_LANGUAGE_STANDARD = gnu11;
				GCC_DYNAMIC_NO_PIC = NO;
				GCC_NO_COMMON_BLOCKS = YES;
				GCC_OPTIMIZATION_LEVEL = 0;
				GCC_PREPROCESSOR_DEFINITIONS = (
					"DEBUG=1",
					"$(inherited)",
				);
				GCC_WARN_64_TO_32_BIT_CONVERSION = YES;
				GCC_WARN_ABOUT_RETURN_TYPE = YES_ERROR;
				GCC_WARN_UNDECLARED_SELECTOR = YES;
				GCC_WARN_UNINITIALIZED_AUTOS = YES_AGGRESSIVE;
				GCC_WARN_UNUSED_FUNCTION = YES;
				GCC_WARN_UNUSED_VARIABLE = YES;
				IPHONEOS_DEPLOYMENT_TARGET = 16.1;
				MTL_ENABLE_DEBUG_INFO = INCLUDE_SOURCE;
				MTL_FAST_MATH = YES;
				ONLY_ACTIVE_ARCH = YES;
				SDKROOT = iphoneos;
				SWIFT_ACTIVE_COMPILATION_CONDITIONS = DEBUG;
				SWIFT_OPTIMIZATION_LEVEL = "-Onone";
			};
			name = Debug;
		};
		EA22B436294027230034E2FA /* Release */ = {
			isa = XCBuildConfiguration;
			buildSettings = {
				ALWAYS_SEARCH_USER_PATHS = NO;
				CLANG_ANALYZER_NONNULL = YES;
				CLANG_ANALYZER_NUMBER_OBJECT_CONVERSION = YES_AGGRESSIVE;
				CLANG_CXX_LANGUAGE_STANDARD = "gnu++20";
				CLANG_ENABLE_MODULES = YES;
				CLANG_ENABLE_OBJC_ARC = YES;
				CLANG_ENABLE_OBJC_WEAK = YES;
				CLANG_WARN_BLOCK_CAPTURE_AUTORELEASING = YES;
				CLANG_WARN_BOOL_CONVERSION = YES;
				CLANG_WARN_COMMA = YES;
				CLANG_WARN_CONSTANT_CONVERSION = YES;
				CLANG_WARN_DEPRECATED_OBJC_IMPLEMENTATIONS = YES;
				CLANG_WARN_DIRECT_OBJC_ISA_USAGE = YES_ERROR;
				CLANG_WARN_DOCUMENTATION_COMMENTS = YES;
				CLANG_WARN_EMPTY_BODY = YES;
				CLANG_WARN_ENUM_CONVERSION = YES;
				CLANG_WARN_INFINITE_RECURSION = YES;
				CLANG_WARN_INT_CONVERSION = YES;
				CLANG_WARN_NON_LITERAL_NULL_CONVERSION = YES;
				CLANG_WARN_OBJC_IMPLICIT_RETAIN_SELF = YES;
				CLANG_WARN_OBJC_LITERAL_CONVERSION = YES;
				CLANG_WARN_OBJC_ROOT_CLASS = YES_ERROR;
				CLANG_WARN_QUOTED_INCLUDE_IN_FRAMEWORK_HEADER = YES;
				CLANG_WARN_RANGE_LOOP_ANALYSIS = YES;
				CLANG_WARN_STRICT_PROTOTYPES = YES;
				CLANG_WARN_SUSPICIOUS_MOVE = YES;
				CLANG_WARN_UNGUARDED_AVAILABILITY = YES_AGGRESSIVE;
				CLANG_WARN_UNREACHABLE_CODE = YES;
				CLANG_WARN__DUPLICATE_METHOD_MATCH = YES;
				COPY_PHASE_STRIP = NO;
				DEBUG_INFORMATION_FORMAT = "dwarf-with-dsym";
				ENABLE_NS_ASSERTIONS = NO;
				ENABLE_STRICT_OBJC_MSGSEND = YES;
				GCC_C_LANGUAGE_STANDARD = gnu11;
				GCC_NO_COMMON_BLOCKS = YES;
				GCC_WARN_64_TO_32_BIT_CONVERSION = YES;
				GCC_WARN_ABOUT_RETURN_TYPE = YES_ERROR;
				GCC_WARN_UNDECLARED_SELECTOR = YES;
				GCC_WARN_UNINITIALIZED_AUTOS = YES_AGGRESSIVE;
				GCC_WARN_UNUSED_FUNCTION = YES;
				GCC_WARN_UNUSED_VARIABLE = YES;
				IPHONEOS_DEPLOYMENT_TARGET = 16.1;
				MTL_ENABLE_DEBUG_INFO = NO;
				MTL_FAST_MATH = YES;
				SDKROOT = iphoneos;
				SWIFT_COMPILATION_MODE = wholemodule;
				SWIFT_OPTIMIZATION_LEVEL = "-O";
				VALIDATE_PRODUCT = YES;
			};
			name = Release;
		};
		EA22B438294027230034E2FA /* Debug */ = {
			isa = XCBuildConfiguration;
			buildSettings = {
				ASSETCATALOG_COMPILER_APPICON_NAME = AppIcon;
				ASSETCATALOG_COMPILER_GLOBAL_ACCENT_COLOR_NAME = AccentColor;
				CODE_SIGN_STYLE = Automatic;
				CURRENT_PROJECT_VERSION = 1;
				DEVELOPMENT_ASSET_PATHS = "\"iOS-Spineboy/Preview Content\"";
				DEVELOPMENT_TEAM = F69N8MTB7E;
				ENABLE_PREVIEWS = YES;
				GENERATE_INFOPLIST_FILE = YES;
				INFOPLIST_KEY_UIApplicationSceneManifest_Generation = YES;
				INFOPLIST_KEY_UIApplicationSupportsIndirectInputEvents = YES;
				INFOPLIST_KEY_UILaunchScreen_Generation = YES;
				INFOPLIST_KEY_UISupportedInterfaceOrientations_iPad = "UIInterfaceOrientationPortrait UIInterfaceOrientationPortraitUpsideDown UIInterfaceOrientationLandscapeLeft UIInterfaceOrientationLandscapeRight";
				INFOPLIST_KEY_UISupportedInterfaceOrientations_iPhone = "UIInterfaceOrientationPortrait UIInterfaceOrientationLandscapeLeft UIInterfaceOrientationLandscapeRight";
				LD_RUNPATH_SEARCH_PATHS = (
					"$(inherited)",
					"@executable_path/Frameworks",
				);
				MARKETING_VERSION = 1.0;
				PRODUCT_BUNDLE_IDENTIFIER = "com.gcirilo.iOS-Spineboy";
				PRODUCT_NAME = "$(TARGET_NAME)";
				SWIFT_EMIT_LOC_STRINGS = YES;
				SWIFT_VERSION = 5.0;
				TARGETED_DEVICE_FAMILY = "1,2";
			};
			name = Debug;
		};
		EA22B439294027230034E2FA /* Release */ = {
			isa = XCBuildConfiguration;
			buildSettings = {
				ASSETCATALOG_COMPILER_APPICON_NAME = AppIcon;
				ASSETCATALOG_COMPILER_GLOBAL_ACCENT_COLOR_NAME = AccentColor;
				CODE_SIGN_STYLE = Automatic;
				CURRENT_PROJECT_VERSION = 1;
				DEVELOPMENT_ASSET_PATHS = "\"iOS-Spineboy/Preview Content\"";
				DEVELOPMENT_TEAM = F69N8MTB7E;
				ENABLE_PREVIEWS = YES;
				GENERATE_INFOPLIST_FILE = YES;
				INFOPLIST_KEY_UIApplicationSceneManifest_Generation = YES;
				INFOPLIST_KEY_UIApplicationSupportsIndirectInputEvents = YES;
				INFOPLIST_KEY_UILaunchScreen_Generation = YES;
				INFOPLIST_KEY_UISupportedInterfaceOrientations_iPad = "UIInterfaceOrientationPortrait UIInterfaceOrientationPortraitUpsideDown UIInterfaceOrientationLandscapeLeft UIInterfaceOrientationLandscapeRight";
				INFOPLIST_KEY_UISupportedInterfaceOrientations_iPhone = "UIInterfaceOrientationPortrait UIInterfaceOrientationLandscapeLeft UIInterfaceOrientationLandscapeRight";
				LD_RUNPATH_SEARCH_PATHS = (
					"$(inherited)",
					"@executable_path/Frameworks",
				);
				MARKETING_VERSION = 1.0;
				PRODUCT_BUNDLE_IDENTIFIER = "com.gcirilo.iOS-Spineboy";
				PRODUCT_NAME = "$(TARGET_NAME)";
				SWIFT_EMIT_LOC_STRINGS = YES;
				SWIFT_VERSION = 5.0;
				TARGETED_DEVICE_FAMILY = "1,2";
			};
			name = Release;
		};
		EA22B43B294027230034E2FA /* Debug */ = {
			isa = XCBuildConfiguration;
			buildSettings = {
				ALWAYS_EMBED_SWIFT_STANDARD_LIBRARIES = YES;
				BUNDLE_LOADER = "$(TEST_HOST)";
				CODE_SIGN_STYLE = Automatic;
				CURRENT_PROJECT_VERSION = 1;
				DEVELOPMENT_TEAM = F69N8MTB7E;
				GENERATE_INFOPLIST_FILE = YES;
				IPHONEOS_DEPLOYMENT_TARGET = 16.1;
				MARKETING_VERSION = 1.0;
				PRODUCT_BUNDLE_IDENTIFIER = "com.gcirilo.iOS-SpineboyTests";
				PRODUCT_NAME = "$(TARGET_NAME)";
				SWIFT_EMIT_LOC_STRINGS = NO;
				SWIFT_VERSION = 5.0;
				TARGETED_DEVICE_FAMILY = "1,2";
				TEST_HOST = "$(BUILT_PRODUCTS_DIR)/iOS-Spineboy.app/$(BUNDLE_EXECUTABLE_FOLDER_PATH)/iOS-Spineboy";
			};
			name = Debug;
		};
		EA22B43C294027230034E2FA /* Release */ = {
			isa = XCBuildConfiguration;
			buildSettings = {
				ALWAYS_EMBED_SWIFT_STANDARD_LIBRARIES = YES;
				BUNDLE_LOADER = "$(TEST_HOST)";
				CODE_SIGN_STYLE = Automatic;
				CURRENT_PROJECT_VERSION = 1;
				DEVELOPMENT_TEAM = F69N8MTB7E;
				GENERATE_INFOPLIST_FILE = YES;
				IPHONEOS_DEPLOYMENT_TARGET = 16.1;
				MARKETING_VERSION = 1.0;
				PRODUCT_BUNDLE_IDENTIFIER = "com.gcirilo.iOS-SpineboyTests";
				PRODUCT_NAME = "$(TARGET_NAME)";
				SWIFT_EMIT_LOC_STRINGS = NO;
				SWIFT_VERSION = 5.0;
				TARGETED_DEVICE_FAMILY = "1,2";
				TEST_HOST = "$(BUILT_PRODUCTS_DIR)/iOS-Spineboy.app/$(BUNDLE_EXECUTABLE_FOLDER_PATH)/iOS-Spineboy";
			};
			name = Release;
		};
		EA22B43E294027230034E2FA /* Debug */ = {
			isa = XCBuildConfiguration;
			buildSettings = {
				ALWAYS_EMBED_SWIFT_STANDARD_LIBRARIES = YES;
				CODE_SIGN_STYLE = Automatic;
				CURRENT_PROJECT_VERSION = 1;
				DEVELOPMENT_TEAM = F69N8MTB7E;
				GENERATE_INFOPLIST_FILE = YES;
				MARKETING_VERSION = 1.0;
				PRODUCT_BUNDLE_IDENTIFIER = "com.gcirilo.iOS-SpineboyUITests";
				PRODUCT_NAME = "$(TARGET_NAME)";
				SWIFT_EMIT_LOC_STRINGS = NO;
				SWIFT_VERSION = 5.0;
				TARGETED_DEVICE_FAMILY = "1,2";
				TEST_TARGET_NAME = "iOS-Spineboy";
			};
			name = Debug;
		};
		EA22B43F294027230034E2FA /* Release */ = {
			isa = XCBuildConfiguration;
			buildSettings = {
				ALWAYS_EMBED_SWIFT_STANDARD_LIBRARIES = YES;
				CODE_SIGN_STYLE = Automatic;
				CURRENT_PROJECT_VERSION = 1;
				DEVELOPMENT_TEAM = F69N8MTB7E;
				GENERATE_INFOPLIST_FILE = YES;
				MARKETING_VERSION = 1.0;
				PRODUCT_BUNDLE_IDENTIFIER = "com.gcirilo.iOS-SpineboyUITests";
				PRODUCT_NAME = "$(TARGET_NAME)";
				SWIFT_EMIT_LOC_STRINGS = NO;
				SWIFT_VERSION = 5.0;
				TARGETED_DEVICE_FAMILY = "1,2";
				TEST_TARGET_NAME = "iOS-Spineboy";
			};
			name = Release;
		};
/* End XCBuildConfiguration section */

/* Begin XCConfigurationList section */
		EA22B40E294027220034E2FA /* Build configuration list for PBXProject "iOS-Spineboy" */ = {
			isa = XCConfigurationList;
			buildConfigurations = (
				EA22B435294027230034E2FA /* Debug */,
				EA22B436294027230034E2FA /* Release */,
			);
			defaultConfigurationIsVisible = 0;
			defaultConfigurationName = Release;
		};
		EA22B437294027230034E2FA /* Build configuration list for PBXNativeTarget "iOS-Spineboy" */ = {
			isa = XCConfigurationList;
			buildConfigurations = (
				EA22B438294027230034E2FA /* Debug */,
				EA22B439294027230034E2FA /* Release */,
			);
			defaultConfigurationIsVisible = 0;
			defaultConfigurationName = Release;
		};
		EA22B43A294027230034E2FA /* Build configuration list for PBXNativeTarget "iOS-SpineboyTests" */ = {
			isa = XCConfigurationList;
			buildConfigurations = (
				EA22B43B294027230034E2FA /* Debug */,
				EA22B43C294027230034E2FA /* Release */,
			);
			defaultConfigurationIsVisible = 0;
			defaultConfigurationName = Release;
		};
		EA22B43D294027230034E2FA /* Build configuration list for PBXNativeTarget "iOS-SpineboyUITests" */ = {
			isa = XCConfigurationList;
			buildConfigurations = (
				EA22B43E294027230034E2FA /* Debug */,
				EA22B43F294027230034E2FA /* Release */,
			);
			defaultConfigurationIsVisible = 0;
			defaultConfigurationName = Release;
		};
/* End XCConfigurationList section */
	};
	rootObject = EA22B40B294027220034E2FA /* Project object */;
}
